
Microsoft Visual Studio Solution File, Format Version 12.00
# Visual Studio Version 16
VisualStudioVersion = 16.0.30320.27
MinimumVisualStudioVersion = 10.0.40219.1
Project("{FAE04EC0-301F-11D3-BF4B-00C04F79EFBC}") = "ConsoleApp3", "ConsoleApp3\ConsoleApp3.csproj", "{69DCA551-495C-44B3-AF56-49870491DF70}"
EndProject
Global
	GlobalSection(SolutionConfigurationPlatforms) = preSolution
		Debug|Any CPU = Debug|Any CPU
		Release|Any CPU = Release|Any CPU
	EndGlobalSection
	GlobalSection(ProjectConfigurationPlatforms) = postSolution
		{69DCA551-495C-44B3-AF56-49870491DF70}.Debug|Any CPU.ActiveCfg = Debug|Any CPU
		{69DCA551-495C-44B3-AF56-49870491DF70}.Debug|Any CPU.Build.0 = Debug|Any CPU
		{69DCA551-495C-44B3-AF56-49870491DF70}.Release|Any CPU.ActiveCfg = Release|Any CPU
		{69DCA551-495C-44B3-AF56-49870491DF70}.Release|Any CPU.Build.0 = Release|Any CPU
	EndGlobalSection
	GlobalSection(SolutionProperties) = preSolution
		HideSolutionNode = FALSE
	EndGlobalSection
	GlobalSection(ExtensibilityGlobals) = postSolution
		SolutionGuid = {6CCDA5C6-C544-43A8-B2B5-0D6213436297}
	EndGlobalSection
EndGlobal
